github.com/aclements/go-moremath v0.0.0-20210112150236-f10218a38794 h1:xlwdaKcTNVW4PtpQb8aKA4Pjy0CdJHEqvFbAnvR5m2g=
github.com/aclements/go-moremath v0.0.0-20210112150236-f10218a38794/go.mod h1:7e+I0LQFUI9AXWxOfsQROs9xPhoJtbsyWcjJqDd4KPY=
github.com/goccy/go-json v0.10.5 h1:Fq85nIqj+gXn/S5ahsiTlK3TmC85qgirsdTP/+DeaC4=
github.com/goccy/go-json v0.10.5/go.mod h1:oq7eo15ShAhp70Anwd5lgX2pLfOS3QCiwU/PULtXL6M=
golang.org/x/perf v0.0.0-20250414141303-3fc2b901edf3 h1:XM5dBF235qar7FkOFg2KeOdtib+w2FHPucev005tKX8=
golang.org/x/perf v0.0.0-20250414141303-3fc2b901edf3/go.mod h1:tAdCL3nMN92yGFHY2TrzbGPP0q+LaOFewlib1WPJdpA=
gopkg.in/check.v1 v0.0.0-20161208181325-20d25e280405 h1:yhCVgyC4o1eVCa2tZl7eS0r+SDo693bJlVdllGtEeKM=
gopkg.in/check.v1 v0.0.0-20161208181325-20d25e280405/go.mod h1:Co6ibVJAznAaIkqp8huTwlJQCZ016jof/cbN4VW5Yz0=
gopkg.in/yaml.v3 v3.0.1 h1:fxVm/GzAzEWqLHuvctI91KS9hhNmmWOoWu0XTYJS7CA=
gopkg.in/yaml.v3 v3.0.1/go.mod h1:K4uyk7z7BCEPqu6E+C64Yfv1cQ7kz7rIZviUmN+EgEM=
